{
  "name": "polyratings-data",
  "version": "1.0.0",
  "lockfileVersion": 2,
  "requires": true,
  "packages": {
    "": {
      "name": "polyratings-data",
      "version": "1.0.0",
      "license": "ISC",
      "dependencies": {
        "@polyratings/client": "^0.0.8",
        "node-fetch": "^2.6.7"
      }
    },
    "node_modules/@polyratings/client": {
      "version": "0.0.8",
      "resolved": "https://registry.npmjs.org/@polyratings/client/-/client-0.0.8.tgz",
      "integrity": "sha512-ZDl3yJjyEzGZ3M6hPz2hhy4NDx7tL1Ah4eRu/++U+l/vuaU3wIHVEyNgLiW+m2o8+KfmnkYn32YGi822XrGKOg==",
      "dependencies": {
        "@polyratings/shared": "0.0.2"
      }
    },
    "node_modules/@polyratings/shared": {
      "version": "0.0.2",
      "resolved": "https://registry.npmjs.org/@polyratings/shared/-/shared-0.0.2.tgz",
      "integrity": "sha512-EOeebd2Kr/nqAgyWaRo1ulCGXj50YLYLrV6xjRzDqKEbID5BFIANgJkD/zhmdGj48xbDAZ5358RNTFDAWfHvZg==",
      "dependencies": {
        "class-transformer": "^0.5.1",
        "class-validator": "^0.13.2"
      }
    },
    "node_modules/class-transformer": {
      "version": "0.5.1",
      "resolved": "https://registry.npmjs.org/class-transformer/-/class-transformer-0.5.1.tgz",
      "integrity": "sha512-SQa1Ws6hUbfC98vKGxZH3KFY0Y1lm5Zm0SY8XX9zbK7FJCyVEac3ATW0RIpwzW+oOfmHE5PMPufDG9hCfoEOMw=="
    },
    "node_modules/class-validator": {
      "version": "0.13.2",
      "resolved": "https://registry.npmjs.org/class-validator/-/class-validator-0.13.2.tgz",
      "integrity": "sha512-yBUcQy07FPlGzUjoLuUfIOXzgynnQPPruyK1Ge2B74k9ROwnle1E+NxLWnUv5OLU8hA/qL5leAE9XnXq3byaBw==",
      "dependencies": {
        "libphonenumber-js": "^1.9.43",
        "validator": "^13.7.0"
      }
    },
    "node_modules/libphonenumber-js": {
      "version": "1.9.50",
      "resolved": "https://registry.npmjs.org/libphonenumber-js/-/libphonenumber-js-1.9.50.tgz",
      "integrity": "sha512-cCzQPChw2XbordcO2LKiw5Htx5leHVfFk/EXkxNHqJfFo7Fndcb1kF5wPJpc316vCJhhikedYnVysMh3Sc7Ocw=="
    },
    "node_modules/node-fetch": {
      "version": "2.6.7",
      "resolved": "https://registry.npmjs.org/node-fetch/-/node-fetch-2.6.7.tgz",
      "integrity": "sha512-ZjMPFEfVx5j+y2yF35Kzx5sF7kDzxuDj6ziH4FFbOp87zKDZNx8yExJIb05OGF4Nlt9IHFIMBkRl41VdvcNdbQ==",
      "dependencies": {
        "whatwg-url": "^5.0.0"
      },
      "engines": {
        "node": "4.x || >=6.0.0"
      },
      "peerDependencies": {
        "encoding": "^0.1.0"
      },
      "peerDependenciesMeta": {
        "encoding": {
          "optional": true
        }
      }
    },
    "node_modules/tr46": {
      "version": "0.0.3",
      "resolved": "https://registry.npmjs.org/tr46/-/tr46-0.0.3.tgz",
      "integrity": "sha1-gYT9NH2snNwYWZLzpmIuFLnZq2o="
    },
    "node_modules/validator": {
      "version": "13.7.0",
      "resolved": "https://registry.npmjs.org/validator/-/validator-13.7.0.tgz",
      "integrity": "sha512-nYXQLCBkpJ8X6ltALua9dRrZDHVYxjJ1wgskNt1lH9fzGjs3tgojGSCBjmEPwkWS1y29+DrizMTW19Pr9uB2nw==",
      "engines": {
        "node": ">= 0.10"
      }
    },
    "node_modules/webidl-conversions": {
      "version": "3.0.1",
      "resolved": "https://registry.npmjs.org/webidl-conversions/-/webidl-conversions-3.0.1.tgz",
      "integrity": "sha1-JFNCdeKnvGvnvIZhHMFq4KVlSHE="
    },
    "node_modules/whatwg-url": {
      "version": "5.0.0",
      "resolved": "https://registry.npmjs.org/whatwg-url/-/whatwg-url-5.0.0.tgz",
      "integrity": "sha1-lmRU6HZUYuN2RNNib2dCzotwll0=",
      "dependencies": {
        "tr46": "~0.0.3",
        "webidl-conversions": "^3.0.0"
      }
    }
  },
  "dependencies": {
    "@polyratings/client": {
      "version": "0.0.8",
      "resolved": "https://registry.npmjs.org/@polyratings/client/-/client-0.0.8.tgz",
      "integrity": "sha512-ZDl3yJjyEzGZ3M6hPz2hhy4NDx7tL1Ah4eRu/++U+l/vuaU3wIHVEyNgLiW+m2o8+KfmnkYn32YGi822XrGKOg==",
      "requires": {
        "@polyratings/shared": "0.0.2"
      }
    },
    "@polyratings/shared": {
      "version": "0.0.2",
      "resolved": "https://registry.npmjs.org/@polyratings/shared/-/shared-0.0.2.tgz",
      "integrity": "sha512-EOeebd2Kr/nqAgyWaRo1ulCGXj50YLYLrV6xjRzDqKEbID5BFIANgJkD/zhmdGj48xbDAZ5358RNTFDAWfHvZg==",
      "requires": {
        "class-transformer": "^0.5.1",
        "class-validator": "^0.13.2"
      }
    },
    "class-transformer": {
      "version": "0.5.1",
      "resolved": "https://registry.npmjs.org/class-transformer/-/class-transformer-0.5.1.tgz",
      "integrity": "sha512-SQa1Ws6hUbfC98vKGxZH3KFY0Y1lm5Zm0SY8XX9zbK7FJCyVEac3ATW0RIpwzW+oOfmHE5PMPufDG9hCfoEOMw=="
    },
    "class-validator": {
      "version": "0.13.2",
      "resolved": "https://registry.npmjs.org/class-validator/-/class-validator-0.13.2.tgz",
      "integrity": "sha512-yBUcQy07FPlGzUjoLuUfIOXzgynnQPPruyK1Ge2B74k9ROwnle1E+NxLWnUv5OLU8hA/qL5leAE9XnXq3byaBw==",
      "requires": {
        "libphonenumber-js": "^1.9.43",
        "validator": "^13.7.0"
      }
    },
    "libphonenumber-js": {
      "version": "1.9.50",
      "resolved": "https://registry.npmjs.org/libphonenumber-js/-/libphonenumber-js-1.9.50.tgz",
      "integrity": "sha512-cCzQPChw2XbordcO2LKiw5Htx5leHVfFk/EXkxNHqJfFo7Fndcb1kF5wPJpc316vCJhhikedYnVysMh3Sc7Ocw=="
    },
    "node-fetch": {
      "version": "2.6.7",
      "resolved": "https://registry.npmjs.org/node-fetch/-/node-fetch-2.6.7.tgz",
      "integrity": "sha512-ZjMPFEfVx5j+y2yF35Kzx5sF7kDzxuDj6ziH4FFbOp87zKDZNx8yExJIb05OGF4Nlt9IHFIMBkRl41VdvcNdbQ==",
      "requires": {
        "whatwg-url": "^5.0.0"
      }
    },
    "tr46": {
      "version": "0.0.3",
      "resolved": "https://registry.npmjs.org/tr46/-/tr46-0.0.3.tgz",
      "integrity": "sha1-gYT9NH2snNwYWZLzpmIuFLnZq2o="
    },
    "validator": {
      "version": "13.7.0",
      "resolved": "https://registry.npmjs.org/validator/-/validator-13.7.0.tgz",
      "integrity": "sha512-nYXQLCBkpJ8X6ltALua9dRrZDHVYxjJ1wgskNt1lH9fzGjs3tgojGSCBjmEPwkWS1y29+DrizMTW19Pr9uB2nw=="
    },
    "webidl-conversions": {
      "version": "3.0.1",
      "resolved": "https://registry.npmjs.org/webidl-conversions/-/webidl-conversions-3.0.1.tgz",
      "integrity": "sha1-JFNCdeKnvGvnvIZhHMFq4KVlSHE="
    },
    "whatwg-url": {
      "version": "5.0.0",
      "resolved": "https://registry.npmjs.org/whatwg-url/-/whatwg-url-5.0.0.tgz",
      "integrity": "sha1-lmRU6HZUYuN2RNNib2dCzotwll0=",
      "requires": {
        "tr46": "~0.0.3",
        "webidl-conversions": "^3.0.0"
      }
    }
  }
}
